<?xml version="1.0" encoding="utf-8"?>
<Project ToolsVersion="4.0" xmlns="http://schemas.microsoft.com/developer/msbuild/2003">
  <ItemGroup>
    <Filter Include="Source Files">
      <UniqueIdentifier>{4FC737F1-C7A5-4376-A066-2A32D752A2FF}</UniqueIdentifier>
      <Extensions>cpp;c;cc;cxx;c++;cppm;ixx;def;odl;idl;hpj;bat;asm;asmx</Extensions>
    </Filter>
    <Filter Include="Header Files">
      <UniqueIdentifier>{93995380-89BD-4b04-88EB-625FBE52EBFB}</UniqueIdentifier>
      <Extensions>h;hh;hpp;hxx;h++;hm;inl;inc;ipp;xsd</Extensions>
    </Filter>
    <Filter Include="Resource Files">
      <UniqueIdentifier>{67DA6AB6-F800-4c08-8B7A-83BB121AAD01}</UniqueIdentifier>
      <Extensions>rc;ico;cur;bmp;dlg;rc2;rct;bin;rgs;gif;jpg;jpeg;jpe;resx;tiff;tif;png;wav;mfcribbon-ms</Extensions>
    </Filter>
  </ItemGroup>
  <ItemGroup>
    <ClCompile Include="TEST_Server_DLL.cpp">
      <Filter>Source Files</Filter>
    </ClCompile>
    <ClCompile Include="engine\Algorithms.cpp">
      <Filter>Source Files</Filter>
    </ClCompile>
    <ClCompile Include="engine\Concurrent.cpp">
      <Filter>Source Files</Filter>
    </ClCompile>
    <ClCompile Include="engine\Concurrent_Control.cpp">
      <Filter>Source Files</Filter>
    </ClCompile>
    <ClCompile Include="engine\Data.cpp">
      <Filter>Source Files</Filter>
    </ClCompile>
    <ClCompile Include="engine\Data_Control.cpp">
      <Filter>Source Files</Filter>
    </ClCompile>
    <ClCompile Include="engine\Execute.cpp">
      <Filter>Source Files</Filter>
    </ClCompile>
    <ClCompile Include="engine\Execute_Control.cpp">
      <Filter>Source Files</Filter>
    </ClCompile>
    <ClCompile Include="engine\Framework_Server.cpp">
      <Filter>Source Files</Filter>
    </ClCompile>
    <ClCompile Include="engine\Global.cpp">
      <Filter>Source Files</Filter>
    </ClCompile>
    <ClCompile Include="engine\Input.cpp">
      <Filter>Source Files</Filter>
    </ClCompile>
    <ClCompile Include="engine\Input_Control.cpp">
      <Filter>Source Files</Filter>
    </ClCompile>
    <ClCompile Include="engine\ListenRespond.cpp">
      <Filter>Source Files</Filter>
    </ClCompile>
    <ClCompile Include="engine\ListenRespond_Control.cpp">
      <Filter>Source Files</Filter>
    </ClCompile>
    <ClCompile Include="engine\Output.cpp">
      <Filter>Source Files</Filter>
    </ClCompile>
    <ClCompile Include="engine\Output_Control.cpp">
      <Filter>Source Files</Filter>
    </ClCompile>
    <ClCompile Include="engine\Server.cpp">
      <Filter>Source Files</Filter>
    </ClCompile>
    <ClCompile Include="engine\user_praise_files\Praise0_Algorithm.cpp">
      <Filter>Source Files</Filter>
    </ClCompile>
    <ClCompile Include="engine\user_praise_files\Praise0_Input.cpp">
      <Filter>Source Files</Filter>
    </ClCompile>
    <ClCompile Include="engine\user_praise_files\Praise0_Output.cpp">
      <Filter>Source Files</Filter>
    </ClCompile>
    <ClCompile Include="engine\user_praise_files\Praise1_Algorithm.cpp">
      <Filter>Source Files</Filter>
    </ClCompile>
    <ClCompile Include="engine\user_praise_files\Praise1_Input.cpp">
      <Filter>Source Files</Filter>
    </ClCompile>
    <ClCompile Include="engine\user_praise_files\Praise1_Output.cpp">
      <Filter>Source Files</Filter>
    </ClCompile>
    <ClCompile Include="engine\user_praise_files\User_Alg.cpp">
      <Filter>Source Files</Filter>
    </ClCompile>
    <ClCompile Include="engine\user_praise_files\User_I.cpp">
      <Filter>Source Files</Filter>
    </ClCompile>
    <ClCompile Include="engine\user_praise_files\User_O.cpp">
      <Filter>Source Files</Filter>
    </ClCompile>
  </ItemGroup>
  <ItemGroup>
    <None Include="bin\abseil_dll.dll" />
    <None Include="bin\GameNetworkingSockets.dll" />
    <None Include="bin\libcrypto-3.dll" />
    <None Include="bin\libprotobufd.dll" />
    <None Include="bin\WaitLaunch_Server_ConcurrentThread.dll" />
    <None Include="bin\WriteEnable_Stack_InputPraise.dll" />
    <None Include="bin\WriteEnable_Stack_OutputPraise.dll" />
  </ItemGroup>
  <ItemGroup>
    <ClInclude Include="engine\Algorithms.h">
      <Filter>Header Files</Filter>
    </ClInclude>
    <ClInclude Include="engine\Concurrent.h">
      <Filter>Header Files</Filter>
    </ClInclude>
    <ClInclude Include="engine\Concurrent_Control.h">
      <Filter>Header Files</Filter>
    </ClInclude>
    <ClInclude Include="engine\Data.h">
      <Filter>Header Files</Filter>
    </ClInclude>
    <ClInclude Include="engine\Data_Control.h">
      <Filter>Header Files</Filter>
    </ClInclude>
    <ClInclude Include="engine\Execute.h">
      <Filter>Header Files</Filter>
    </ClInclude>
    <ClInclude Include="engine\Execute_Control.h">
      <Filter>Header Files</Filter>
    </ClInclude>
    <ClInclude Include="engine\Framework_Server.h">
      <Filter>Header Files</Filter>
    </ClInclude>
    <ClInclude Include="engine\Global.h">
      <Filter>Header Files</Filter>
    </ClInclude>
    <ClInclude Include="engine\Input.h">
      <Filter>Header Files</Filter>
    </ClInclude>
    <ClInclude Include="engine\Input_Control.h">
      <Filter>Header Files</Filter>
    </ClInclude>
    <ClInclude Include="engine\ListenRespond.h">
      <Filter>Header Files</Filter>
    </ClInclude>
    <ClInclude Include="engine\ListenRespond_Control.h">
      <Filter>Header Files</Filter>
    </ClInclude>
    <ClInclude Include="engine\Output.h">
      <Filter>Header Files</Filter>
    </ClInclude>
    <ClInclude Include="engine\Output_Control.h">
      <Filter>Header Files</Filter>
    </ClInclude>
    <ClInclude Include="engine\Server.h">
      <Filter>Header Files</Filter>
    </ClInclude>
    <ClInclude Include="engine\user_praise_files\Praise0_Algorithm.h">
      <Filter>Header Files</Filter>
    </ClInclude>
    <ClInclude Include="engine\user_praise_files\Praise0_Input.h">
      <Filter>Header Files</Filter>
    </ClInclude>
    <ClInclude Include="engine\user_praise_files\Praise0_Output.h">
      <Filter>Header Files</Filter>
    </ClInclude>
    <ClInclude Include="engine\user_praise_files\Praise1_Algorithm.h">
      <Filter>Header Files</Filter>
    </ClInclude>
    <ClInclude Include="engine\user_praise_files\Praise1_Input.h">
      <Filter>Header Files</Filter>
    </ClInclude>
    <ClInclude Include="engine\user_praise_files\Praise1_Output.h">
      <Filter>Header Files</Filter>
    </ClInclude>
    <ClInclude Include="engine\user_praise_files\User_Alg.h">
      <Filter>Header Files</Filter>
    </ClInclude>
    <ClInclude Include="engine\user_praise_files\User_I.h">
      <Filter>Header Files</Filter>
    </ClInclude>
    <ClInclude Include="engine\user_praise_files\User_O.h">
      <Filter>Header Files</Filter>
    </ClInclude>
    <ClInclude Include="include\concurrent_que\Framework_ConcurrentQue.h">
      <Filter>Header Files</Filter>
    </ClInclude>
    <ClInclude Include="include\concurrent_que\Global_ConcurrentQue.h">
      <Filter>Header Files</Filter>
    </ClInclude>
    <ClInclude Include="include\concurrent_que\LaunchConcurrency.h">
      <Filter>Header Files</Filter>
    </ClInclude>
    <ClInclude Include="include\concurrent_que\LaunchConcurrency_Control.h">
      <Filter>Header Files</Filter>
    </ClInclude>
    <ClInclude Include="include\write_enable\Framework_WriteEnable.h">
      <Filter>Header Files</Filter>
    </ClInclude>
    <ClInclude Include="include\write_enable\Global_WriteEnable.h">
      <Filter>Header Files</Filter>
    </ClInclude>
    <ClInclude Include="include\write_enable\WriteEnable.h">
      <Filter>Header Files</Filter>
    </ClInclude>
    <ClInclude Include="include\write_enable\WriteEnable_Control.h">
      <Filter>Header Files</Filter>
    </ClInclude>
  </ItemGroup>
</Project>